
Microsoft Visual Studio Solution File, Format Version 12.00
# Visual Studio 15
VisualStudioVersion = 15.0.28307.329
MinimumVisualStudioVersion = 10.0.40219.1
Project("{FAE04EC0-301F-11D3-BF4B-00C04F79EFBC}") = "Requester", "Requester\Requester.csproj", "{720D8CB1-7AFC-47B7-957B-2EFB10BCF821}"
EndProject
Global
	GlobalSection(SolutionConfigurationPlatforms) = preSolution
		Debug|Any CPU = Debug|Any CPU
		Release|Any CPU = Release|Any CPU
	EndGlobalSection
	GlobalSection(ProjectConfigurationPlatforms) = postSolution
		{720D8CB1-7AFC-47B7-957B-2EFB10BCF821}.Debug|Any CPU.ActiveCfg = Debug|Any CPU
		{720D8CB1-7AFC-47B7-957B-2EFB10BCF821}.Debug|Any CPU.Build.0 = Debug|Any CPU
		{720D8CB1-7AFC-47B7-957B-2EFB10BCF821}.Release|Any CPU.ActiveCfg = Release|Any CPU
		{720D8CB1-7AFC-47B7-957B-2EFB10BCF821}.Release|Any CPU.Build.0 = Release|Any CPU
	EndGlobalSection
	GlobalSection(SolutionProperties) = preSolution
		HideSolutionNode = FALSE
	EndGlobalSection
	GlobalSection(ExtensibilityGlobals) = postSolution
		SolutionGuid = {062B78AD-D971-4366-BEED-3B07A7CCCAB5}
	EndGlobalSection
EndGlobal
